{
  "nodes": {
    "fleek": {
      "inputs": {
        "nixpkgs": "nixpkgs"
      },
      "locked": {
        "lastModified": 1695526838,
        "narHash": "sha256-0wQAQ13f8K2hZAQk7SIqoxEEsALtJNMJY74sa3ICMnI=",
        "owner": "ublue-os",
        "repo": "fleek",
        "rev": "c01686d29bdf49781daabde7fb2499ae105850fb",
        "type": "github"
      },
      "original": {
        "owner": "ublue-os",
        "repo": "fleek",
        "type": "github"
      }
    },
    "home-manager": {
      "inputs": {
        "nixpkgs": [
          "nixpkgs"
        ]
      },
      "locked": {
        "lastModified": 1695541620,
        "narHash": "sha256-koMm/j4r6lBjGDUhDfYUXFIah8NsBrAEaxYYmYXChls=",
        "owner": "nix-community",
        "repo": "home-manager",
        "rev": "835465e8ba2459034e4ab192b1c6db35d1c0d638",
        "type": "github"
      },
      "original": {
        "owner": "nix-community",
        "repo": "home-manager",
        "type": "github"
      }
    },
    "nixpkgs": {
      "locked": {
        "lastModified": 1681154110,
        "narHash": "sha256-OQwWzlzAY1dCqgSsgZzsPIOGmX4pBGaoXOy0rSl4b5Y=",
        "owner": "NixOS",
        "repo": "nixpkgs",
        "rev": "115a96e2ac1e92937cd47c30e073e16dcaaf6247",
        "type": "github"
      },
      "original": {
        "owner": "NixOS",
        "ref": "release-22.11",
        "repo": "nixpkgs",
        "type": "github"
      }
    },
    "nixpkgs_2": {
      "locked": {
        "lastModified": 1695360818,
        "narHash": "sha256-JlkN3R/SSoMTa+CasbxS1gq+GpGxXQlNZRUh9+LIy/0=",
        "owner": "nixos",
        "repo": "nixpkgs",
        "rev": "e35dcc04a3853da485a396bdd332217d0ac9054f",
        "type": "github"
      },
      "original": {
        "owner": "nixos",
        "ref": "nixos-unstable",
        "repo": "nixpkgs",
        "type": "github"
      }
    },
    "root": {
      "inputs": {
        "fleek": "fleek",
        "home-manager": "home-manager",
        "nixpkgs": "nixpkgs_2"
      }
    }
  },
  "root": "root",
  "version": 7
}
